lockfileVersion: '6.0'

dependencies:
  '@arena/solid-store':
    specifier: workspace:^0.1.0
    version: link:../solid-store
  '@blueprintjs/icons':
    specifier: ^4.14.3
    version: 4.16.0
  '@codemirror/commands':
    specifier: ^6.2.4
    version: 6.2.4
  '@codemirror/lang-javascript':
    specifier: ^6.1.8
    version: 6.1.8
  '@codemirror/lang-sql':
    specifier: ^6.5.0
    version: 6.5.0(@codemirror/view@6.17.0)(@lezer/common@1.0.4)
  '@codemirror/state':
    specifier: ^6.2.0
    version: 6.2.0
  '@kobalte/core':
    specifier: ^0.9.8
    version: 0.9.8(solid-js@1.7.11)
  '@motionone/solid':
    specifier: ^10.16.2
    version: 10.16.2(solid-js@1.7.11)
  codemirror:
    specifier: ^6.0.1
    version: 6.0.1(@lezer/common@1.0.4)
  klona:
    specifier: ^2.0.6
    version: 2.0.6
  solid-js:
    specifier: ^1.7.11
    version: 1.7.11

packages:

  /@blueprintjs/icons@4.16.0:
    resolution: {integrity: sha512-cyfgjUZcZCtQrXWUV8FwqYTFEzduV4a0N7yhOU38jY+cBRCLu/sDrD0Osvfk4DGRvNe4YjY7pohVLFSxpg68Uw==}
    dependencies:
      change-case: 4.1.2
      classnames: 2.3.2
      tslib: 2.5.0
    dev: false

  /@codemirror/autocomplete@6.7.1(@codemirror/language@6.6.0)(@codemirror/state@6.2.0)(@codemirror/view@6.12.0)(@lezer/common@1.0.2):
    resolution: {integrity: sha512-hSxf9S0uB+GV+gBsjY1FZNo53e1FFdzPceRfCfD1gWOnV6o21GfB5J5Wg9G/4h76XZMPrF0A6OCK/Rz5+V1egg==}
    peerDependencies:
      '@codemirror/language': ^6.0.0
      '@codemirror/state': ^6.0.0
      '@codemirror/view': ^6.0.0
      '@lezer/common': ^1.0.0
    dependencies:
      '@codemirror/language': 6.6.0
      '@codemirror/state': 6.2.0
      '@codemirror/view': 6.12.0
      '@lezer/common': 1.0.2
    dev: false

  /@codemirror/autocomplete@6.7.1(@codemirror/language@6.6.0)(@codemirror/state@6.2.0)(@codemirror/view@6.12.0)(@lezer/common@1.0.4):
    resolution: {integrity: sha512-hSxf9S0uB+GV+gBsjY1FZNo53e1FFdzPceRfCfD1gWOnV6o21GfB5J5Wg9G/4h76XZMPrF0A6OCK/Rz5+V1egg==}
    peerDependencies:
      '@codemirror/language': ^6.0.0
      '@codemirror/state': ^6.0.0
      '@codemirror/view': ^6.0.0
      '@lezer/common': ^1.0.0
    dependencies:
      '@codemirror/language': 6.6.0
      '@codemirror/state': 6.2.0
      '@codemirror/view': 6.12.0
      '@lezer/common': 1.0.4
    dev: false

  /@codemirror/autocomplete@6.7.1(@codemirror/language@6.6.0)(@codemirror/state@6.2.0)(@codemirror/view@6.17.0)(@lezer/common@1.0.4):
    resolution: {integrity: sha512-hSxf9S0uB+GV+gBsjY1FZNo53e1FFdzPceRfCfD1gWOnV6o21GfB5J5Wg9G/4h76XZMPrF0A6OCK/Rz5+V1egg==}
    peerDependencies:
      '@codemirror/language': ^6.0.0
      '@codemirror/state': ^6.0.0
      '@codemirror/view': ^6.0.0
      '@lezer/common': ^1.0.0
    dependencies:
      '@codemirror/language': 6.6.0
      '@codemirror/state': 6.2.0
      '@codemirror/view': 6.17.0
      '@lezer/common': 1.0.4
    dev: false

  /@codemirror/commands@6.2.4:
    resolution: {integrity: sha512-42lmDqVH0ttfilLShReLXsDfASKLXzfyC36bzwcqzox9PlHulMcsUOfHXNo2X2aFMVNUoQ7j+d4q5bnfseYoOA==}
    dependencies:
      '@codemirror/language': 6.6.0
      '@codemirror/state': 6.2.0
      '@codemirror/view': 6.12.0
      '@lezer/common': 1.0.2
    dev: false

  /@codemirror/lang-javascript@6.1.8:
    resolution: {integrity: sha512-5cIA6IOkslTu1DtldcYnj7hsBm3p+cD37qSaKvW1kV16M6q9ysKvKrveCOWgbrj4+ilSWRL2JtSLudbeB158xg==}
    dependencies:
      '@codemirror/autocomplete': 6.7.1(@codemirror/language@6.6.0)(@codemirror/state@6.2.0)(@codemirror/view@6.12.0)(@lezer/common@1.0.2)
      '@codemirror/language': 6.6.0
      '@codemirror/lint': 6.2.1
      '@codemirror/state': 6.2.0
      '@codemirror/view': 6.12.0
      '@lezer/common': 1.0.2
      '@lezer/javascript': 1.4.3
    dev: false

  /@codemirror/lang-sql@6.5.0(@codemirror/view@6.17.0)(@lezer/common@1.0.4):
    resolution: {integrity: sha512-ztJ+5lk0yWf4E7sQQqsidPYJa0a/511Ln/IaI3A+fGv6z0SrGDG0Lu6SAehczcehrhgNwMhPlerJMeXw7vZs2g==}
    dependencies:
      '@codemirror/autocomplete': 6.7.1(@codemirror/language@6.6.0)(@codemirror/state@6.2.0)(@codemirror/view@6.17.0)(@lezer/common@1.0.4)
      '@codemirror/language': 6.6.0
      '@codemirror/state': 6.2.0
      '@lezer/highlight': 1.1.4
      '@lezer/lr': 1.3.4
    transitivePeerDependencies:
      - '@codemirror/view'
      - '@lezer/common'
    dev: false

  /@codemirror/language@6.6.0:
    resolution: {integrity: sha512-cwUd6lzt3MfNYOobdjf14ZkLbJcnv4WtndYaoBkbor/vF+rCNguMPK0IRtvZJG4dsWiaWPcK8x1VijhvSxnstg==}
    dependencies:
      '@codemirror/state': 6.2.0
      '@codemirror/view': 6.12.0
      '@lezer/common': 1.0.2
      '@lezer/highlight': 1.1.4
      '@lezer/lr': 1.3.4
      style-mod: 4.0.3
    dev: false

  /@codemirror/lint@6.2.1:
    resolution: {integrity: sha512-y1muai5U/uUPAGRyHMx9mHuHLypPcHWxzlZGknp/U5Mdb5Ol8Q5ZLp67UqyTbNFJJ3unVxZ8iX3g1fMN79S1JQ==}
    dependencies:
      '@codemirror/state': 6.2.0
      '@codemirror/view': 6.12.0
      crelt: 1.0.6
    dev: false

  /@codemirror/search@6.4.0:
    resolution: {integrity: sha512-zMDgaBXah+nMLK2dHz9GdCnGbQu+oaGRXS1qviqNZkvOCv/whp5XZFyoikLp/23PM9RBcbuKUUISUmQHM1eRHw==}
    dependencies:
      '@codemirror/state': 6.2.0
      '@codemirror/view': 6.12.0
      crelt: 1.0.6
    dev: false

  /@codemirror/state@6.2.0:
    resolution: {integrity: sha512-69QXtcrsc3RYtOtd+GsvczJ319udtBf1PTrr2KbLWM/e2CXUPnh0Nz9AUo8WfhSQ7GeL8dPVNUmhQVgpmuaNGA==}
    dev: false

  /@codemirror/view@6.12.0:
    resolution: {integrity: sha512-xNHvbJBc2v8JuEcIGOck6EUGShpP+TYGCEMVEVQMYxbFXfMhYnoF3znxB/2GgeKR0nrxBs+nhBupiTYQqCp2kw==}
    dependencies:
      '@codemirror/state': 6.2.0
      style-mod: 4.0.3
      w3c-keyname: 2.2.7
    dev: false

  /@codemirror/view@6.17.0:
    resolution: {integrity: sha512-0yVhPSyKWwYDy6Xwd7aDoj8ZXtdoHwC7El4z1/JJpIimrtDR5CVGY4lvQ0r2hP11ezB+eCHexZ6Zbz6rPUe06A==}
    dependencies:
      '@codemirror/state': 6.2.0
      style-mod: 4.1.0
      w3c-keyname: 2.2.8
    dev: false

  /@floating-ui/core@1.2.6:
    resolution: {integrity: sha512-EvYTiXet5XqweYGClEmpu3BoxmsQ4hkj3QaYA6qEnigCWffTP3vNRwBReTdrwDwo7OoJ3wM8Uoe9Uk4n+d4hfg==}
    dev: false

  /@floating-ui/dom@1.2.9:
    resolution: {integrity: sha512-sosQxsqgxMNkV3C+3UqTS6LxP7isRLwX8WMepp843Rb3/b0Wz8+MdUkxJksByip3C2WwLugLHN1b4ibn//zKwQ==}
    dependencies:
      '@floating-ui/core': 1.2.6
    dev: false

  /@formatjs/ecma402-abstract@1.15.0:
    resolution: {integrity: sha512-7bAYAv0w4AIao9DNg0avfOLTCPE9woAgs6SpXuMq11IN3A+l+cq8ghczwqSZBM11myvPSJA7vLn72q0rJ0QK6Q==}
    dependencies:
      '@formatjs/intl-localematcher': 0.2.32
      tslib: 2.5.0
    dev: false

  /@formatjs/fast-memoize@2.0.1:
    resolution: {integrity: sha512-M2GgV+qJn5WJQAYewz7q2Cdl6fobQa69S1AzSM2y0P68ZDbK5cWrJIcPCO395Of1ksftGZoOt4LYCO/j9BKBSA==}
    dependencies:
      tslib: 2.5.0
    dev: false

  /@formatjs/icu-messageformat-parser@2.4.0:
    resolution: {integrity: sha512-6Dh5Z/gp4F/HovXXu/vmd0If5NbYLB5dZrmhWVNb+BOGOEU3wt7Z/83KY1dtd7IDhAnYHasbmKE1RbTE0J+3hw==}
    dependencies:
      '@formatjs/ecma402-abstract': 1.15.0
      '@formatjs/icu-skeleton-parser': 1.4.0
      tslib: 2.5.0
    dev: false

  /@formatjs/icu-skeleton-parser@1.4.0:
    resolution: {integrity: sha512-Qq347VM616rVLkvN6QsKJELazRyNlbCiN47LdH0Mc5U7E2xV0vatiVhGqd3KFgbc055BvtnUXR7XX60dCGFuWg==}
    dependencies:
      '@formatjs/ecma402-abstract': 1.15.0
      tslib: 2.5.0
    dev: false

  /@formatjs/intl-localematcher@0.2.32:
    resolution: {integrity: sha512-k/MEBstff4sttohyEpXxCmC3MqbUn9VvHGlZ8fauLzkbwXmVrEeyzS+4uhrvAk9DWU9/7otYWxyDox4nT/KVLQ==}
    dependencies:
      tslib: 2.5.0
    dev: false

  /@internationalized/date@3.2.0:
    resolution: {integrity: sha512-VDMHN1m33L4eqPs5BaihzgQJXyaORbMoHOtrapFxx179J8ucY5CRIHYsq5RRLKPHZWgjNfa5v6amWWDkkMFywA==}
    dependencies:
      '@swc/helpers': 0.4.14
    dev: false

  /@internationalized/message@3.1.0:
    resolution: {integrity: sha512-Oo5m70FcBdADf7G8NkUffVSfuCdeAYVfsvNjZDi9ELpjvkc4YNJVTHt/NyTI9K7FgAVoELxiP9YmN0sJ+HNHYQ==}
    dependencies:
      '@swc/helpers': 0.4.14
      intl-messageformat: 10.3.5
    dev: false

  /@internationalized/number@3.2.0:
    resolution: {integrity: sha512-GUXkhXSX1Ee2RURnzl+47uvbOxnlMnvP9Er+QePTjDjOPWuunmLKlEkYkEcLiiJp7y4l9QxGDLOlVr8m69LS5w==}
    dependencies:
      '@swc/helpers': 0.4.14
    dev: false

  /@kobalte/core@0.9.8(solid-js@1.7.11):
    resolution: {integrity: sha512-X2ZONF02MHl5eJ5gElwzmYjW1ss7DxA70Vol1pl+P3HXXru+Dc7yriBjfrvwLiuO86+qLulCvR0ni76tk8n17w==}
    peerDependencies:
      solid-js: ^1.7.3
    dependencies:
      '@floating-ui/dom': 1.2.9
      '@internationalized/date': 3.2.0
      '@internationalized/message': 3.1.0
      '@internationalized/number': 3.2.0
      '@kobalte/utils': 0.7.2(solid-js@1.7.11)
      solid-js: 1.7.11
    dev: false

  /@kobalte/utils@0.7.2(solid-js@1.7.11):
    resolution: {integrity: sha512-ZdINbHemz+jnixJ63VFi9wUEHEMAsP7iDGEADciKdSKrK4bDuccDw5th1O+5/PykfHqFwSI++JhhUpOd+iZ5jg==}
    peerDependencies:
      solid-js: ^1.7.3
    dependencies:
      '@solid-primitives/event-listener': 2.2.13(solid-js@1.7.11)
      '@solid-primitives/keyed': 1.2.0(solid-js@1.7.11)
      '@solid-primitives/media': 2.2.3(solid-js@1.7.11)
      '@solid-primitives/props': 3.1.6(solid-js@1.7.11)
      '@solid-primitives/refs': 1.0.4(solid-js@1.7.11)
      '@solid-primitives/utils': 6.2.0(solid-js@1.7.11)
      solid-js: 1.7.11
    dev: false

  /@lezer/common@1.0.2:
    resolution: {integrity: sha512-SVgiGtMnMnW3ActR8SXgsDhw7a0w0ChHSYAyAUxxrOiJ1OqYWEKk/xJd84tTSPo1mo6DXLObAJALNnd0Hrv7Ng==}
    dev: false

  /@lezer/common@1.0.4:
    resolution: {integrity: sha512-lZHlk8p67x4aIDtJl6UQrXSOP6oi7dQR3W/geFVrENdA1JDaAJWldnVqVjPMJupbTKbzDfFcePfKttqVidS/dg==}
    dev: false

  /@lezer/highlight@1.1.4:
    resolution: {integrity: sha512-IECkFmw2l7sFcYXrV8iT9GeY4W0fU4CxX0WMwhmhMIVjoDdD1Hr6q3G2NqVtLg/yVe5n7i4menG3tJ2r4eCrPQ==}
    dependencies:
      '@lezer/common': 1.0.2
    dev: false

  /@lezer/javascript@1.4.3:
    resolution: {integrity: sha512-k7Eo9z9B1supZ5cCD4ilQv/RZVN30eUQL+gGbr6ybrEY3avBAL5MDiYi2aa23Aj0A79ry4rJRvPAwE2TM8bd+A==}
    dependencies:
      '@lezer/highlight': 1.1.4
      '@lezer/lr': 1.3.4
    dev: false

  /@lezer/lr@1.3.4:
    resolution: {integrity: sha512-7o+e4og/QoC/6btozDPJqnzBhUaD1fMfmvnEKQO1wRRiTse1WxaJ3OMEXZJnkgT6HCcTVOctSoXK9jGJw2oe9g==}
    dependencies:
      '@lezer/common': 1.0.2
    dev: false

  /@motionone/animation@10.15.1:
    resolution: {integrity: sha512-mZcJxLjHor+bhcPuIFErMDNyrdb2vJur8lSfMCsuCB4UyV8ILZLvK+t+pg56erv8ud9xQGK/1OGPt10agPrCyQ==}
    dependencies:
      '@motionone/easing': 10.15.1
      '@motionone/types': 10.15.1
      '@motionone/utils': 10.15.1
      tslib: 2.5.0
    dev: false

  /@motionone/dom@10.16.2:
    resolution: {integrity: sha512-bnuHdNbge1FutZXv+k7xub9oPWcF0hsu8y1HTH/qg6av58YI0VufZ3ngfC7p2xhMJMnoh0LXFma2EGTgPeCkeg==}
    dependencies:
      '@motionone/animation': 10.15.1
      '@motionone/generators': 10.15.1
      '@motionone/types': 10.15.1
      '@motionone/utils': 10.15.1
      hey-listen: 1.0.8
      tslib: 2.5.0
    dev: false

  /@motionone/easing@10.15.1:
    resolution: {integrity: sha512-6hIHBSV+ZVehf9dcKZLT7p5PEKHGhDwky2k8RKkmOvUoYP3S+dXsKupyZpqx5apjd9f+php4vXk4LuS+ADsrWw==}
    dependencies:
      '@motionone/utils': 10.15.1
      tslib: 2.5.0
    dev: false

  /@motionone/generators@10.15.1:
    resolution: {integrity: sha512-67HLsvHJbw6cIbLA/o+gsm7h+6D4Sn7AUrB/GPxvujse1cGZ38F5H7DzoH7PhX+sjvtDnt2IhFYF2Zp1QTMKWQ==}
    dependencies:
      '@motionone/types': 10.15.1
      '@motionone/utils': 10.15.1
      tslib: 2.5.0
    dev: false

  /@motionone/solid@10.16.2(solid-js@1.7.11):
    resolution: {integrity: sha512-0bl1KRDWc6BRcKXzRZR2KdRzIIN86SfSe8mcfKPwHYQDzdOEohRcYUsDaYlwWuwU07VCngOHZEPgFCofDJ80zw==}
    peerDependencies:
      solid-js: ^1.5.0
    dependencies:
      '@motionone/dom': 10.16.2
      '@motionone/utils': 10.15.1
      '@solid-primitives/props': 3.1.6(solid-js@1.7.11)
      '@solid-primitives/refs': 1.0.4(solid-js@1.7.11)
      '@solid-primitives/transition-group': 1.0.3(solid-js@1.7.11)
      solid-js: 1.7.11
    dev: false

  /@motionone/types@10.15.1:
    resolution: {integrity: sha512-iIUd/EgUsRZGrvW0jqdst8st7zKTzS9EsKkP+6c6n4MPZoQHwiHuVtTQLD6Kp0bsBLhNzKIBlHXponn/SDT4hA==}
    dev: false

  /@motionone/utils@10.15.1:
    resolution: {integrity: sha512-p0YncgU+iklvYr/Dq4NobTRdAPv9PveRDUXabPEeOjBLSO/1FNB2phNTZxOxpi1/GZwYpAoECEa0Wam+nsmhSw==}
    dependencies:
      '@motionone/types': 10.15.1
      hey-listen: 1.0.8
      tslib: 2.5.0
    dev: false

  /@solid-primitives/event-listener@2.2.13(solid-js@1.7.11):
    resolution: {integrity: sha512-8GtVEq0ECZoa5Klo1jjfGPfwg0zVJ8TNnNkWu8FqRkh0CkhbhCVJAKwjleem9K/qL6zUDfJihLjhqGBTBbb+8w==}
    peerDependencies:
      solid-js: ^1.6.12
    dependencies:
      '@solid-primitives/utils': 6.2.0(solid-js@1.7.11)
      solid-js: 1.7.11
    dev: false

  /@solid-primitives/keyed@1.2.0(solid-js@1.7.11):
    resolution: {integrity: sha512-0DuTeJdxWjCTu73XnDZs24JzfXckBnpvCfQ6Mf/kTPKkMZJh7tjkBnZEk48ckrE9xmwat9stIdfrBmZctsepIw==}
    peerDependencies:
      solid-js: ^1.6.12
    dependencies:
      solid-js: 1.7.11
    dev: false

  /@solid-primitives/media@2.2.3(solid-js@1.7.11):
    resolution: {integrity: sha512-xhKaTJjH6e65OL706/hA38WWitafbJCm/Zpv7qAn4cy/cgxZ39Cl0bPdYzZhUlkJvTt8YVT0IBcOBLKlJVaPRg==}
    peerDependencies:
      solid-js: ^1.6.12
    dependencies:
      '@solid-primitives/event-listener': 2.2.13(solid-js@1.7.11)
      '@solid-primitives/rootless': 1.4.1(solid-js@1.7.11)
      '@solid-primitives/static-store': 0.0.4(solid-js@1.7.11)
      '@solid-primitives/utils': 6.2.0(solid-js@1.7.11)
      solid-js: 1.7.11
    dev: false

  /@solid-primitives/props@3.1.6(solid-js@1.7.11):
    resolution: {integrity: sha512-ChtvXBDxASR+zZgH0ysoBstbVJdqJk6LITb78CScgHd+Uc8C6eaHKLmhNeuVCd36FGAuyj9vylDHe2GhmFlecA==}
    peerDependencies:
      solid-js: ^1.6.12
    dependencies:
      '@solid-primitives/utils': 6.2.0(solid-js@1.7.11)
      solid-js: 1.7.11
    dev: false

  /@solid-primitives/refs@1.0.4(solid-js@1.7.11):
    resolution: {integrity: sha512-BxZKkct0OIyADWIoA9UITm+3G5Xb3IkOa0nZd40SgOK5DtMqpXFIEPUkJ/woPB90WqlM9UvvuiJHUyAjMeAmCw==}
    peerDependencies:
      solid-js: ^1.6.12
    dependencies:
      '@solid-primitives/utils': 6.2.0(solid-js@1.7.11)
      solid-js: 1.7.11
    dev: false

  /@solid-primitives/rootless@1.4.1(solid-js@1.7.11):
    resolution: {integrity: sha512-h7VBUk8usD76Eh1a4wT17PcGtIRxGPlLuJ4Mf7roCNu46W5cc9DAoz8M6XebuZWVKeUkML/JuPMZQSV0mLo2Fw==}
    peerDependencies:
      solid-js: ^1.6.12
    dependencies:
      '@solid-primitives/utils': 6.2.0(solid-js@1.7.11)
      solid-js: 1.7.11
    dev: false

  /@solid-primitives/static-store@0.0.4(solid-js@1.7.11):
    resolution: {integrity: sha512-NcLtDNA6H+Z9LmqaUe4SKfMx0YbszIMXEqfV15cB34t5XyEeOM5TihYwsVJ/dpkmpHYzflm0SwAL+P9uwyzvWQ==}
    peerDependencies:
      solid-js: ^1.6.12
    dependencies:
      '@solid-primitives/utils': 6.2.0(solid-js@1.7.11)
      solid-js: 1.7.11
    dev: false

  /@solid-primitives/transition-group@1.0.3(solid-js@1.7.11):
    resolution: {integrity: sha512-TnFADZhx9sibdoW5gxkU1QmLabzV2H2OBKYGS2aR5IC61Q/+7v8wlxOJEevxXNbPiRo6qlE3STLU3L9XS8hDbA==}
    peerDependencies:
      solid-js: ^1.6.12
    dependencies:
      solid-js: 1.7.11
    dev: false

  /@solid-primitives/utils@6.2.0(solid-js@1.7.11):
    resolution: {integrity: sha512-T62WlLwKkbmicsw/xpwMQyv9MmZRSaVyutXfS5icc9v0cb8qGMUxRxr5LVvZHYQCZ9DEFboZB0r711xsbVBbeA==}
    peerDependencies:
      solid-js: ^1.6.12
    dependencies:
      solid-js: 1.7.11
    dev: false

  /@swc/helpers@0.4.14:
    resolution: {integrity: sha512-4C7nX/dvpzB7za4Ql9K81xK3HPxCpHMgwTZVyf+9JQ6VUbn9jjZVN7/Nkdz/Ugzs2CSjqnL/UPXroiVBVHUWUw==}
    dependencies:
      tslib: 2.5.0
    dev: false

  /camel-case@4.1.2:
    resolution: {integrity: sha512-gxGWBrTT1JuMx6R+o5PTXMmUnhnVzLQ9SNutD4YqKtI6ap897t3tKECYla6gCWEkplXnlNybEkZg9GEGxKFCgw==}
    dependencies:
      pascal-case: 3.1.2
      tslib: 2.5.0
    dev: false

  /capital-case@1.0.4:
    resolution: {integrity: sha512-ds37W8CytHgwnhGGTi88pcPyR15qoNkOpYwmMMfnWqqWgESapLqvDx6huFjQ5vqWSn2Z06173XNA7LtMOeUh1A==}
    dependencies:
      no-case: 3.0.4
      tslib: 2.5.0
      upper-case-first: 2.0.2
    dev: false

  /change-case@4.1.2:
    resolution: {integrity: sha512-bSxY2ws9OtviILG1EiY5K7NNxkqg/JnRnFxLtKQ96JaviiIxi7djMrSd0ECT9AC+lttClmYwKw53BWpOMblo7A==}
    dependencies:
      camel-case: 4.1.2
      capital-case: 1.0.4
      constant-case: 3.0.4
      dot-case: 3.0.4
      header-case: 2.0.4
      no-case: 3.0.4
      param-case: 3.0.4
      pascal-case: 3.1.2
      path-case: 3.0.4
      sentence-case: 3.0.4
      snake-case: 3.0.4
      tslib: 2.5.0
    dev: false

  /classnames@2.3.2:
    resolution: {integrity: sha512-CSbhY4cFEJRe6/GQzIk5qXZ4Jeg5pcsP7b5peFSDpffpe1cqjASH/n9UTjBwOp6XpMSTwQ8Za2K5V02ueA7Tmw==}
    dev: false

  /codemirror@6.0.1(@lezer/common@1.0.4):
    resolution: {integrity: sha512-J8j+nZ+CdWmIeFIGXEFbFPtpiYacFMDR8GlHK3IyHQJMCaVRfGx9NT+Hxivv1ckLWPvNdZqndbr/7lVhrf/Svg==}
    dependencies:
      '@codemirror/autocomplete': 6.7.1(@codemirror/language@6.6.0)(@codemirror/state@6.2.0)(@codemirror/view@6.12.0)(@lezer/common@1.0.4)
      '@codemirror/commands': 6.2.4
      '@codemirror/language': 6.6.0
      '@codemirror/lint': 6.2.1
      '@codemirror/search': 6.4.0
      '@codemirror/state': 6.2.0
      '@codemirror/view': 6.12.0
    transitivePeerDependencies:
      - '@lezer/common'
    dev: false

  /constant-case@3.0.4:
    resolution: {integrity: sha512-I2hSBi7Vvs7BEuJDr5dDHfzb/Ruj3FyvFyh7KLilAjNQw3Be+xgqUBA2W6scVEcL0hL1dwPRtIqEPVUCKkSsyQ==}
    dependencies:
      no-case: 3.0.4
      tslib: 2.5.0
      upper-case: 2.0.2
    dev: false

  /crelt@1.0.6:
    resolution: {integrity: sha512-VQ2MBenTq1fWZUH9DJNGti7kKv6EeAuYr3cLwxUWhIu1baTaXh4Ib5W2CqHVqib4/MqbYGJqiL3Zb8GJZr3l4g==}
    dev: false

  /csstype@3.1.1:
    resolution: {integrity: sha512-DJR/VvkAvSZW9bTouZue2sSxDwdTN92uHjqeKVm+0dAqdfNykRzQ95tay8aXMBAAPpUiq4Qcug2L7neoRh2Egw==}
    dev: false

  /dot-case@3.0.4:
    resolution: {integrity: sha512-Kv5nKlh6yRrdrGvxeJ2e5y2eRUpkUosIW4A2AS38zwSz27zu7ufDwQPi5Jhs3XAlGNetl3bmnGhQsMtkKJnj3w==}
    dependencies:
      no-case: 3.0.4
      tslib: 2.5.0
    dev: false

  /header-case@2.0.4:
    resolution: {integrity: sha512-H/vuk5TEEVZwrR0lp2zed9OCo1uAILMlx0JEMgC26rzyJJ3N1v6XkwHHXJQdR2doSjcGPM6OKPYoJgf0plJ11Q==}
    dependencies:
      capital-case: 1.0.4
      tslib: 2.5.0
    dev: false

  /hey-listen@1.0.8:
    resolution: {integrity: sha512-COpmrF2NOg4TBWUJ5UVyaCU2A88wEMkUPK4hNqyCkqHbxT92BbvfjoSozkAIIm6XhicGlJHhFdullInrdhwU8Q==}
    dev: false

  /intl-messageformat@10.3.5:
    resolution: {integrity: sha512-6kPkftF8Jg3XJCkGKa5OD+nYQ+qcSxF4ZkuDdXZ6KGG0VXn+iblJqRFyDdm9VvKcMyC0Km2+JlVQffFM52D0YA==}
    dependencies:
      '@formatjs/ecma402-abstract': 1.15.0
      '@formatjs/fast-memoize': 2.0.1
      '@formatjs/icu-messageformat-parser': 2.4.0
      tslib: 2.5.0
    dev: false

  /klona@2.0.6:
    resolution: {integrity: sha512-dhG34DXATL5hSxJbIexCft8FChFXtmskoZYnoPWjXQuebWYCNkVeV3KkGegCK9CP1oswI/vQibS2GY7Em/sJJA==}
    engines: {node: '>= 8'}
    dev: false

  /lower-case@2.0.2:
    resolution: {integrity: sha512-7fm3l3NAF9WfN6W3JOmf5drwpVqX78JtoGJ3A6W0a6ZnldM41w2fV5D490psKFTpMds8TJse/eHLFFsNHHjHgg==}
    dependencies:
      tslib: 2.5.0
    dev: false

  /no-case@3.0.4:
    resolution: {integrity: sha512-fgAN3jGAh+RoxUGZHTSOLJIqUc2wmoBwGR4tbpNAKmmovFoWq0OdRkb0VkldReO2a2iBT/OEulG9XSUc10r3zg==}
    dependencies:
      lower-case: 2.0.2
      tslib: 2.5.0
    dev: false

  /param-case@3.0.4:
    resolution: {integrity: sha512-RXlj7zCYokReqWpOPH9oYivUzLYZ5vAPIfEmCTNViosC78F8F0H9y7T7gG2M39ymgutxF5gcFEsyZQSph9Bp3A==}
    dependencies:
      dot-case: 3.0.4
      tslib: 2.5.0
    dev: false

  /pascal-case@3.1.2:
    resolution: {integrity: sha512-uWlGT3YSnK9x3BQJaOdcZwrnV6hPpd8jFH1/ucpiLRPh/2zCVJKS19E4GvYHvaCcACn3foXZ0cLB9Wrx1KGe5g==}
    dependencies:
      no-case: 3.0.4
      tslib: 2.5.0
    dev: false

  /path-case@3.0.4:
    resolution: {integrity: sha512-qO4qCFjXqVTrcbPt/hQfhTQ+VhFsqNKOPtytgNKkKxSoEp3XPUQ8ObFuePylOIok5gjn69ry8XiULxCwot3Wfg==}
    dependencies:
      dot-case: 3.0.4
      tslib: 2.5.0
    dev: false

  /sentence-case@3.0.4:
    resolution: {integrity: sha512-8LS0JInaQMCRoQ7YUytAo/xUu5W2XnQxV2HI/6uM6U7CITS1RqPElr30V6uIqyMKM9lJGRVFy5/4CuzcixNYSg==}
    dependencies:
      no-case: 3.0.4
      tslib: 2.5.0
      upper-case-first: 2.0.2
    dev: false

  /seroval@0.5.1:
    resolution: {integrity: sha512-ZfhQVB59hmIauJG5Ydynupy8KHyr5imGNtdDhbZG68Ufh1Ynkv9KOYOAABf71oVbQxJ8VkWnMHAjEHE7fWkH5g==}
    engines: {node: '>=10'}
    dev: false

  /snake-case@3.0.4:
    resolution: {integrity: sha512-LAOh4z89bGQvl9pFfNF8V146i7o7/CqFPbqzYgP+yYzDIDeS9HaNFtXABamRW+AQzEVODcvE79ljJ+8a9YSdMg==}
    dependencies:
      dot-case: 3.0.4
      tslib: 2.5.0
    dev: false

  /solid-js@1.7.11:
    resolution: {integrity: sha512-JkuvsHt8jqy7USsy9xJtT18aF9r2pFO+GB8JQ2XGTvtF49rGTObB46iebD25sE3qVNvIbwglXOXdALnJq9IHtQ==}
    dependencies:
      csstype: 3.1.1
      seroval: 0.5.1
    dev: false

  /style-mod@4.0.3:
    resolution: {integrity: sha512-78Jv8kYJdjbvRwwijtCevYADfsI0lGzYJe4mMFdceO8l75DFFDoqBhR1jVDicDRRaX4//g1u9wKeo+ztc2h1Rw==}
    dev: false

  /style-mod@4.1.0:
    resolution: {integrity: sha512-Ca5ib8HrFn+f+0n4N4ScTIA9iTOQ7MaGS1ylHcoVqW9J7w2w8PzN6g9gKmTYgGEBH8e120+RCmhpje6jC5uGWA==}
    dev: false

  /tslib@2.5.0:
    resolution: {integrity: sha512-336iVw3rtn2BUK7ORdIAHTyxHGRIHVReokCR3XjbckJMK7ms8FysBfhLR8IXnAgy7T0PTPNBWKiH514FOW/WSg==}
    dev: false

  /upper-case-first@2.0.2:
    resolution: {integrity: sha512-514ppYHBaKwfJRK/pNC6c/OxfGa0obSnAl106u97Ed0I625Nin96KAjttZF6ZL3e1XLtphxnqrOi9iWgm+u+bg==}
    dependencies:
      tslib: 2.5.0
    dev: false

  /upper-case@2.0.2:
    resolution: {integrity: sha512-KgdgDGJt2TpuwBUIjgG6lzw2GWFRCW9Qkfkiv0DxqHHLYJHmtmdUIKcZd8rHgFSjopVTlw6ggzCm1b8MFQwikg==}
    dependencies:
      tslib: 2.5.0
    dev: false

  /w3c-keyname@2.2.7:
    resolution: {integrity: sha512-XB8aa62d4rrVfoZYQaYNy3fy+z4nrfy2ooea3/0BnBzXW0tSdZ+lRgjzBZhk0La0H6h8fVyYCxx/qkQcAIuvfg==}
    dev: false

  /w3c-keyname@2.2.8:
    resolution: {integrity: sha512-dpojBhNsCNN7T82Tm7k26A6G9ML3NkhDsnw9n/eoxSRlVBB4CEtIQ/KTCLI2Fwf3ataSXRhYFkQi3SlnFwPvPQ==}
    dev: false
