lockfileVersion: '6.0'

settings:
  autoInstallPeers: true
  excludeLinksFromLockfile: false

dependencies:
  '@arena/core':
    specifier: workspace:^
    version: link:../../packages/arena-core
  '@arena/db':
    specifier: workspace:^
    version: link:../../packages/db
  '@arena/sdk':
    specifier: workspace:^
    version: link:../../packages/sdk
  zod:
    specifier: ^3.22.4
    version: 3.22.4

packages:

  /zod@3.22.4:
    resolution: {integrity: sha512-iC+8Io04lddc+mVqQ9AZ7OQ2MrUKGN+oIQyq1vemgt46jwCwLfhq7/pwnBnNXXXZb8VTVLKwp9EDkx+ryxIWmg==}
    dev: false
