lockfileVersion: '6.0'

dependencies:
  '@arena/cloud':
    specifier: workspace:^
    version: link:../../../../cloud
  '@arena/components':
    specifier: workspace:^
    version: link:../../../../arena-components
  '@arena/core':
    specifier: workspace:^
    version: link:../../../../arena-core
  '@arena/llm':
    specifier: workspace:^
    version: link:../../../../llm
  '@arena/runtime':
    specifier: workspace:^
    version: link:../../../../../arena-runtime
  '@arena/sdk':
    specifier: workspace:^
    version: link:../../../../sdk
  '@arena/solid-store':
    specifier: workspace:^
    version: link:../../../../solid-store
  '@arena/uikit':
    specifier: workspace:^
    version: link:../../../../uikit
  '@blueprintjs/icons':
    specifier: ^4.14.3
    version: 4.16.0
  '@twind/preset-radix-ui':
    specifier: ^1.0.7
    version: 1.0.7(@twind/core@1.1.3)
  '@twind/preset-tailwind':
    specifier: ^1.1.4
    version: 1.1.4(@twind/core@1.1.3)
  highlight.js:
    specifier: ^11.8.0
    version: 11.8.0
  ky:
    specifier: ^0.33.3
    version: 0.33.3
  lodash-es:
    specifier: ^4.17.21
    version: 4.17.21
  marked:
    specifier: ^7.0.1
    version: 7.0.1
  redaxios:
    specifier: ^0.5.1
    version: 0.5.1
  solid-js:
    specifier: ^1.7.7
    version: 1.7.7
  style-inject:
    specifier: ^0.3.0
    version: 0.3.0

devDependencies:
  '@types/lodash-es':
    specifier: ^4.17.7
    version: 4.17.8

packages:

  /@blueprintjs/icons@4.16.0:
    resolution: {integrity: sha512-cyfgjUZcZCtQrXWUV8FwqYTFEzduV4a0N7yhOU38jY+cBRCLu/sDrD0Osvfk4DGRvNe4YjY7pohVLFSxpg68Uw==}
    dependencies:
      change-case: 4.1.2
      classnames: 2.3.2
      tslib: 2.5.3
    dev: false

  /@twind/core@1.1.3:
    resolution: {integrity: sha512-/B/aNFerMb2IeyjSJy3SJxqVxhrT77gBDknLMiZqXIRr4vNJqiuhx7KqUSRzDCwUmyGuogkamz+aOLzN6MeSLw==}
    engines: {node: '>=14.15.0'}
    peerDependencies:
      typescript: ^4.8.4
    peerDependenciesMeta:
      typescript:
        optional: true
    dependencies:
      csstype: 3.1.2
    dev: false

  /@twind/preset-radix-ui@1.0.7(@twind/core@1.1.3):
    resolution: {integrity: sha512-EyQtZ/PqTA4Cf5qOc8Gjy56ZwZMd5Nk+Zsm4ZRE8b7fdiMhH3FbCSXjCUeFluSgaIhdMbaVHV2AOa6Z0RBSkBQ==}
    engines: {node: '>=14.15.0'}
    peerDependencies:
      '@twind/core': ^1.1.0
      typescript: ^4.8.4
    peerDependenciesMeta:
      typescript:
        optional: true
    dependencies:
      '@twind/core': 1.1.3
    dev: false

  /@twind/preset-tailwind@1.1.4(@twind/core@1.1.3):
    resolution: {integrity: sha512-zv85wrP/DW4AxgWrLfH7kyGn/KJF3K04FMLVl2AjoxZGYdCaoZDkL8ma3hzaKQ+WGgBFRubuB/Ku2Rtv/wjzVw==}
    engines: {node: '>=14.15.0'}
    peerDependencies:
      '@twind/core': ^1.1.0
      typescript: ^4.8.4
    peerDependenciesMeta:
      typescript:
        optional: true
    dependencies:
      '@twind/core': 1.1.3
    dev: false

  /@types/lodash-es@4.17.8:
    resolution: {integrity: sha512-euY3XQcZmIzSy7YH5+Unb3b2X12Wtk54YWINBvvGQ5SmMvwb11JQskGsfkH/5HXK77Kr8GF0wkVDIxzAisWtog==}
    dependencies:
      '@types/lodash': 4.14.196
    dev: true

  /@types/lodash@4.14.196:
    resolution: {integrity: sha512-22y3o88f4a94mKljsZcanlNWPzO0uBsBdzLAngf2tp533LzZcQzb6+eZPJ+vCTt+bqF2XnvT9gejTLsAcJAJyQ==}
    dev: true

  /camel-case@4.1.2:
    resolution: {integrity: sha512-gxGWBrTT1JuMx6R+o5PTXMmUnhnVzLQ9SNutD4YqKtI6ap897t3tKECYla6gCWEkplXnlNybEkZg9GEGxKFCgw==}
    dependencies:
      pascal-case: 3.1.2
      tslib: 2.5.3
    dev: false

  /capital-case@1.0.4:
    resolution: {integrity: sha512-ds37W8CytHgwnhGGTi88pcPyR15qoNkOpYwmMMfnWqqWgESapLqvDx6huFjQ5vqWSn2Z06173XNA7LtMOeUh1A==}
    dependencies:
      no-case: 3.0.4
      tslib: 2.5.3
      upper-case-first: 2.0.2
    dev: false

  /change-case@4.1.2:
    resolution: {integrity: sha512-bSxY2ws9OtviILG1EiY5K7NNxkqg/JnRnFxLtKQ96JaviiIxi7djMrSd0ECT9AC+lttClmYwKw53BWpOMblo7A==}
    dependencies:
      camel-case: 4.1.2
      capital-case: 1.0.4
      constant-case: 3.0.4
      dot-case: 3.0.4
      header-case: 2.0.4
      no-case: 3.0.4
      param-case: 3.0.4
      pascal-case: 3.1.2
      path-case: 3.0.4
      sentence-case: 3.0.4
      snake-case: 3.0.4
      tslib: 2.5.3
    dev: false

  /classnames@2.3.2:
    resolution: {integrity: sha512-CSbhY4cFEJRe6/GQzIk5qXZ4Jeg5pcsP7b5peFSDpffpe1cqjASH/n9UTjBwOp6XpMSTwQ8Za2K5V02ueA7Tmw==}
    dev: false

  /constant-case@3.0.4:
    resolution: {integrity: sha512-I2hSBi7Vvs7BEuJDr5dDHfzb/Ruj3FyvFyh7KLilAjNQw3Be+xgqUBA2W6scVEcL0hL1dwPRtIqEPVUCKkSsyQ==}
    dependencies:
      no-case: 3.0.4
      tslib: 2.5.3
      upper-case: 2.0.2
    dev: false

  /csstype@3.1.2:
    resolution: {integrity: sha512-I7K1Uu0MBPzaFKg4nI5Q7Vs2t+3gWWW648spaF+Rg7pI9ds18Ugn+lvg4SHczUdKlHI5LWBXyqfS8+DufyBsgQ==}
    dev: false

  /dot-case@3.0.4:
    resolution: {integrity: sha512-Kv5nKlh6yRrdrGvxeJ2e5y2eRUpkUosIW4A2AS38zwSz27zu7ufDwQPi5Jhs3XAlGNetl3bmnGhQsMtkKJnj3w==}
    dependencies:
      no-case: 3.0.4
      tslib: 2.5.3
    dev: false

  /header-case@2.0.4:
    resolution: {integrity: sha512-H/vuk5TEEVZwrR0lp2zed9OCo1uAILMlx0JEMgC26rzyJJ3N1v6XkwHHXJQdR2doSjcGPM6OKPYoJgf0plJ11Q==}
    dependencies:
      capital-case: 1.0.4
      tslib: 2.5.3
    dev: false

  /highlight.js@11.8.0:
    resolution: {integrity: sha512-MedQhoqVdr0U6SSnWPzfiadUcDHfN/Wzq25AkXiQv9oiOO/sG0S7XkvpFIqWBl9Yq1UYyYOOVORs5UW2XlPyzg==}
    engines: {node: '>=12.0.0'}
    dev: false

  /ky@0.33.3:
    resolution: {integrity: sha512-CasD9OCEQSFIam2U8efFK81Yeg8vNMTBUqtMOHlrcWQHqUX3HeCl9Dr31u4toV7emlH8Mymk5+9p0lL6mKb/Xw==}
    engines: {node: '>=14.16'}
    dev: false

  /lodash-es@4.17.21:
    resolution: {integrity: sha512-mKnC+QJ9pWVzv+C4/U3rRsHapFfHvQFoFB92e52xeyGMcX6/OlIl78je1u8vePzYZSkkogMPJ2yjxxsb89cxyw==}
    dev: false

  /lower-case@2.0.2:
    resolution: {integrity: sha512-7fm3l3NAF9WfN6W3JOmf5drwpVqX78JtoGJ3A6W0a6ZnldM41w2fV5D490psKFTpMds8TJse/eHLFFsNHHjHgg==}
    dependencies:
      tslib: 2.5.3
    dev: false

  /marked@7.0.1:
    resolution: {integrity: sha512-m8Aze620Ts62yaciz2DghZGUkUfdgvSNRicS2/XtQkStMNoce3NWjOD2b/jWF32+XXK6udM6pRhv2dKNlneAFA==}
    engines: {node: '>= 16'}
    hasBin: true
    dev: false

  /no-case@3.0.4:
    resolution: {integrity: sha512-fgAN3jGAh+RoxUGZHTSOLJIqUc2wmoBwGR4tbpNAKmmovFoWq0OdRkb0VkldReO2a2iBT/OEulG9XSUc10r3zg==}
    dependencies:
      lower-case: 2.0.2
      tslib: 2.5.3
    dev: false

  /param-case@3.0.4:
    resolution: {integrity: sha512-RXlj7zCYokReqWpOPH9oYivUzLYZ5vAPIfEmCTNViosC78F8F0H9y7T7gG2M39ymgutxF5gcFEsyZQSph9Bp3A==}
    dependencies:
      dot-case: 3.0.4
      tslib: 2.5.3
    dev: false

  /pascal-case@3.1.2:
    resolution: {integrity: sha512-uWlGT3YSnK9x3BQJaOdcZwrnV6hPpd8jFH1/ucpiLRPh/2zCVJKS19E4GvYHvaCcACn3foXZ0cLB9Wrx1KGe5g==}
    dependencies:
      no-case: 3.0.4
      tslib: 2.5.3
    dev: false

  /path-case@3.0.4:
    resolution: {integrity: sha512-qO4qCFjXqVTrcbPt/hQfhTQ+VhFsqNKOPtytgNKkKxSoEp3XPUQ8ObFuePylOIok5gjn69ry8XiULxCwot3Wfg==}
    dependencies:
      dot-case: 3.0.4
      tslib: 2.5.3
    dev: false

  /redaxios@0.5.1:
    resolution: {integrity: sha512-FSD2AmfdbkYwl7KDExYQlVvIrFz6Yd83pGfaGjBzM9F6rpq8g652Q4Yq5QD4c+nf4g2AgeElv1y+8ajUPiOYMg==}
    dev: false

  /sentence-case@3.0.4:
    resolution: {integrity: sha512-8LS0JInaQMCRoQ7YUytAo/xUu5W2XnQxV2HI/6uM6U7CITS1RqPElr30V6uIqyMKM9lJGRVFy5/4CuzcixNYSg==}
    dependencies:
      no-case: 3.0.4
      tslib: 2.5.3
      upper-case-first: 2.0.2
    dev: false

  /seroval@0.5.1:
    resolution: {integrity: sha512-ZfhQVB59hmIauJG5Ydynupy8KHyr5imGNtdDhbZG68Ufh1Ynkv9KOYOAABf71oVbQxJ8VkWnMHAjEHE7fWkH5g==}
    engines: {node: '>=10'}
    dev: false

  /snake-case@3.0.4:
    resolution: {integrity: sha512-LAOh4z89bGQvl9pFfNF8V146i7o7/CqFPbqzYgP+yYzDIDeS9HaNFtXABamRW+AQzEVODcvE79ljJ+8a9YSdMg==}
    dependencies:
      dot-case: 3.0.4
      tslib: 2.5.3
    dev: false

  /solid-js@1.7.7:
    resolution: {integrity: sha512-SPdYVke/Z6Za24PBTbULyQYPrhGO1ZbPany76atO2zF2dmYn2pCotbsw1JtlgWnr9dK2JbwPGnA3ODTGPLhZNw==}
    dependencies:
      csstype: 3.1.2
      seroval: 0.5.1
    dev: false

  /style-inject@0.3.0:
    resolution: {integrity: sha512-IezA2qp+vcdlhJaVm5SOdPPTUu0FCEqfNSli2vRuSIBbu5Nq5UvygTk/VzeCqfLz2Atj3dVII5QBKGZRZ0edzw==}
    dev: false

  /tslib@2.5.3:
    resolution: {integrity: sha512-mSxlJJwl3BMEQCUNnxXBU9jP4JBktcEGhURcPR6VQVlnP0FdDEsIaz0C35dXNGLyRfrATNofF0F5p2KPxQgB+w==}
    dev: false

  /upper-case-first@2.0.2:
    resolution: {integrity: sha512-514ppYHBaKwfJRK/pNC6c/OxfGa0obSnAl106u97Ed0I625Nin96KAjttZF6ZL3e1XLtphxnqrOi9iWgm+u+bg==}
    dependencies:
      tslib: 2.5.3
    dev: false

  /upper-case@2.0.2:
    resolution: {integrity: sha512-KgdgDGJt2TpuwBUIjgG6lzw2GWFRCW9Qkfkiv0DxqHHLYJHmtmdUIKcZd8rHgFSjopVTlw6ggzCm1b8MFQwikg==}
    dependencies:
      tslib: 2.5.3
    dev: false
