lockfileVersion: '6.0'

settings:
  autoInstallPeers: true
  excludeLinksFromLockfile: false

dependencies:
  '@arena/runtime':
    specifier: workspace:^
    version: link:../runtime/core
  '@kobalte/core':
    specifier: ^0.12.1
    version: 0.12.4(solid-js@1.8.15)
  '@portal-apps/assistant':
    specifier: workspace:^
    version: link:../apps/atlasai
  '@portal-apps/drive':
    specifier: workspace:^
    version: link:../apps/drive
  '@portal/cli':
    specifier: workspace:^
    version: link:../portal-app/cli
  '@portal/deploy':
    specifier: workspace:^
    version: link:../portal-app/deploy
  '@portal/server-core':
    specifier: workspace:^
    version: link:../portal/server-core
  '@portal/server-dev':
    specifier: workspace:^
    version: link:../portal/server-dev
  '@portal/solid-dnd':
    specifier: workspace:^
    version: link:../portal/dnd
  '@portal/solid-query':
    specifier: workspace:^
    version: link:../portal/solid-query
  '@portal/solid-router':
    specifier: workspace:^
    version: link:../portal/solid-router
  '@portal/solid-store':
    specifier: workspace:^
    version: link:../portal/solid-store
  '@portal/solid-ui':
    specifier: workspace:^
    version: link:../portal/solid-ui
  '@portal/solidjs':
    specifier: workspace:^
    version: link:../portal/solidjs
  '@portal/workspace':
    specifier: workspace:^
    version: link:../workspace
  '@portal/workspace-cluster':
    specifier: workspace:^
    version: link:../workspace-cluster
  '@portal/workspace-sdk':
    specifier: workspace:^
    version: link:../portal-app/workspace-sdk
  '@solidjs/meta':
    specifier: ^0.29.3
    version: 0.29.3(solid-js@1.8.15)
  '@solidjs/router':
    specifier: ^0.13.0
    version: 0.13.0(solid-js@1.8.15)
  solid-js:
    specifier: ^1.8.15
    version: 1.8.15

packages:

  /@corvu/utils@0.1.0(solid-js@1.8.15):
    resolution: {integrity: sha512-9pqt77fiDiqUkW7gH+tRYyNCagQPTco7ljBAkbF23wIuJYrEWyr8KpX8rlPiz4x0ll6pqTYpiif8betkhpkOLQ==}
    peerDependencies:
      solid-js: ^1.8
    dependencies:
      solid-js: 1.8.15
    dev: false

  /@floating-ui/core@1.6.0:
    resolution: {integrity: sha512-PcF++MykgmTj3CIyOQbKA/hDzOAiqI3mhuoN44WRCopIs1sgoDoU4oty4Jtqaj/y3oDU6fnVSm4QG0a3t5i0+g==}
    dependencies:
      '@floating-ui/utils': 0.2.1
    dev: false

  /@floating-ui/dom@1.6.3:
    resolution: {integrity: sha512-RnDthu3mzPlQ31Ss/BTwQ1zjzIhr3lk1gZB1OC56h/1vEtaXkESrOqL5fQVMfXpwGtRwX+YsZBdyHtJMQnkArw==}
    dependencies:
      '@floating-ui/core': 1.6.0
      '@floating-ui/utils': 0.2.1
    dev: false

  /@floating-ui/utils@0.2.1:
    resolution: {integrity: sha512-9TANp6GPoMtYzQdt54kfAyMmz1+osLlXdg2ENroU7zzrtflTLrrC/lgrIfaSe+Wu0b89GKccT7vxXA0MoAIO+Q==}
    dev: false

  /@internationalized/date@3.5.2:
    resolution: {integrity: sha512-vo1yOMUt2hzp63IutEaTUxROdvQg1qlMRsbCvbay2AK2Gai7wIgCyK5weEX3nHkiLgo4qCXHijFNC/ILhlRpOQ==}
    dependencies:
      '@swc/helpers': 0.5.6
    dev: false

  /@internationalized/number@3.5.1:
    resolution: {integrity: sha512-N0fPU/nz15SwR9IbfJ5xaS9Ss/O5h1sVXMZf43vc9mxEG48ovglvvzBjF53aHlq20uoR6c+88CrIXipU/LSzwg==}
    dependencies:
      '@swc/helpers': 0.5.6
    dev: false

  /@kobalte/core@0.12.4(solid-js@1.8.15):
    resolution: {integrity: sha512-i3zk840txhSTtr+hgOrugM7qejLA/PQgTEmv0Mw6gezch46Z45/jujXWIZft4Y6rJdoWDx8J7P7KOXqcsGLkjQ==}
    peerDependencies:
      solid-js: ^1.8.15
    dependencies:
      '@floating-ui/dom': 1.6.3
      '@internationalized/date': 3.5.2
      '@internationalized/number': 3.5.1
      '@kobalte/utils': 0.9.0(solid-js@1.8.15)
      solid-js: 1.8.15
      solid-prevent-scroll: 0.1.5(solid-js@1.8.15)
    dev: false

  /@kobalte/utils@0.9.0(solid-js@1.8.15):
    resolution: {integrity: sha512-TYVCpQcpqo1+0HBn3NXoGEBzxd4tH6Um1oc07nrYw1V7Qq0qbMaYAOnfBc1qhlh7sGV4XZldmb0j13Of0FrZQg==}
    peerDependencies:
      solid-js: ^1.7.11
    dependencies:
      '@solid-primitives/event-listener': 2.3.3(solid-js@1.8.15)
      '@solid-primitives/keyed': 1.2.2(solid-js@1.8.15)
      '@solid-primitives/map': 0.4.11(solid-js@1.8.15)
      '@solid-primitives/media': 2.2.8(solid-js@1.8.15)
      '@solid-primitives/props': 3.1.11(solid-js@1.8.15)
      '@solid-primitives/refs': 1.0.8(solid-js@1.8.15)
      '@solid-primitives/utils': 6.2.3(solid-js@1.8.15)
      solid-js: 1.8.15
    dev: false

  /@solid-primitives/event-listener@2.3.3(solid-js@1.8.15):
    resolution: {integrity: sha512-DAJbl+F0wrFW2xmcV8dKMBhk9QLVLuBSW+TR4JmIfTaObxd13PuL7nqaXnaYKDWOYa6otB00qcCUIGbuIhSUgQ==}
    peerDependencies:
      solid-js: ^1.6.12
    dependencies:
      '@solid-primitives/utils': 6.2.3(solid-js@1.8.15)
      solid-js: 1.8.15
    dev: false

  /@solid-primitives/keyed@1.2.2(solid-js@1.8.15):
    resolution: {integrity: sha512-oBziY40JK4XmJ57XGkFl8j0GtEarSu0hhjdkUQgqL/U0QQE3TZrRo9uhgH7I6VGJKBKG7SAraTPE6S5lVLM1ow==}
    peerDependencies:
      solid-js: ^1.6.12
    dependencies:
      solid-js: 1.8.15
    dev: false

  /@solid-primitives/map@0.4.11(solid-js@1.8.15):
    resolution: {integrity: sha512-OAD65RPxMDYv41oAvadPCqedZfDX92BbWLUC+Qwh9okVMDAF/5UM+t1916OAfGV01Cr30d/fxIT1x86P+gFgSQ==}
    peerDependencies:
      solid-js: ^1.6.12
    dependencies:
      '@solid-primitives/trigger': 1.0.11(solid-js@1.8.15)
      solid-js: 1.8.15
    dev: false

  /@solid-primitives/media@2.2.8(solid-js@1.8.15):
    resolution: {integrity: sha512-jcwTxjEn07W5KEeQIc0nR+07xRjvsWTf115PIwScCWgo6aPkfW3x74aq7lH5F3mLfb/9SeTn0ixz8fBVel3cHg==}
    peerDependencies:
      solid-js: ^1.6.12
    dependencies:
      '@solid-primitives/event-listener': 2.3.3(solid-js@1.8.15)
      '@solid-primitives/rootless': 1.4.5(solid-js@1.8.15)
      '@solid-primitives/static-store': 0.0.8(solid-js@1.8.15)
      '@solid-primitives/utils': 6.2.3(solid-js@1.8.15)
      solid-js: 1.8.15
    dev: false

  /@solid-primitives/props@3.1.11(solid-js@1.8.15):
    resolution: {integrity: sha512-jZAKWwvDRHjiydIumDgMj68qviIbowQ1ci7nkEAgzgvanNkhKSQV8iPgR2jMk1uv7S2ZqXYHslVQTgJel/TEyg==}
    peerDependencies:
      solid-js: ^1.6.12
    dependencies:
      '@solid-primitives/utils': 6.2.3(solid-js@1.8.15)
      solid-js: 1.8.15
    dev: false

  /@solid-primitives/refs@1.0.8(solid-js@1.8.15):
    resolution: {integrity: sha512-+jIsWG8/nYvhaCoG2Vg6CJOLgTmPKFbaCrNQKWfChalgUf9WrVxWw0CdJb3yX15n5lUcQ0jBo6qYtuVVmBLpBw==}
    peerDependencies:
      solid-js: ^1.6.12
    dependencies:
      '@solid-primitives/utils': 6.2.3(solid-js@1.8.15)
      solid-js: 1.8.15
    dev: false

  /@solid-primitives/rootless@1.4.5(solid-js@1.8.15):
    resolution: {integrity: sha512-GFJE9GC3ojx0aUKqAUZmQPyU8fOVMtnVNrkdk2yS4kd17WqVSpXpoTmo9CnOwA+PG7FTzdIkogvfLQSLs4lrww==}
    peerDependencies:
      solid-js: ^1.6.12
    dependencies:
      '@solid-primitives/utils': 6.2.3(solid-js@1.8.15)
      solid-js: 1.8.15
    dev: false

  /@solid-primitives/static-store@0.0.8(solid-js@1.8.15):
    resolution: {integrity: sha512-ZecE4BqY0oBk0YG00nzaAWO5Mjcny8Fc06CdbXadH9T9lzq/9GefqcSe/5AtdXqjvY/DtJ5C6CkcjPZO0o/eqg==}
    peerDependencies:
      solid-js: ^1.6.12
    dependencies:
      '@solid-primitives/utils': 6.2.3(solid-js@1.8.15)
      solid-js: 1.8.15
    dev: false

  /@solid-primitives/trigger@1.0.11(solid-js@1.8.15):
    resolution: {integrity: sha512-4oc8grBzBit7ByXgE1aZ0QXfhdlhXaiFjDKYsOhRyUJa8fN4hdr2IgsYqjmHwxyjK+Dm2OUwkCI1bGkaLgtgXg==}
    peerDependencies:
      solid-js: ^1.6.12
    dependencies:
      '@solid-primitives/utils': 6.2.3(solid-js@1.8.15)
      solid-js: 1.8.15
    dev: false

  /@solid-primitives/utils@6.2.3(solid-js@1.8.15):
    resolution: {integrity: sha512-CqAwKb2T5Vi72+rhebSsqNZ9o67buYRdEJrIFzRXz3U59QqezuuxPsyzTSVCacwS5Pf109VRsgCJQoxKRoECZQ==}
    peerDependencies:
      solid-js: ^1.6.12
    dependencies:
      solid-js: 1.8.15
    dev: false

  /@solidjs/meta@0.29.3(solid-js@1.8.15):
    resolution: {integrity: sha512-R2uirgjgyh3FPFh+rb840plF701N6GvM5w81/QeI61QwjXb4QzLkyI/uzXfC5UW8favpUn9KK9ILQeoTl6pX0A==}
    peerDependencies:
      solid-js: '>=1.8.4'
    dependencies:
      solid-js: 1.8.15
    dev: false

  /@solidjs/router@0.13.0(solid-js@1.8.15):
    resolution: {integrity: sha512-YHLbFv9J53+iG4yVrh0vVdYiyXPTk892UyZ1jiMPsUXn2dYkX4552N+8SjvlKWWsmNmYxaoefM6jZn1YtVIUUg==}
    peerDependencies:
      solid-js: ^1.8.6
    dependencies:
      solid-js: 1.8.15
    dev: false

  /@swc/helpers@0.5.6:
    resolution: {integrity: sha512-aYX01Ke9hunpoCexYAgQucEpARGQ5w/cqHFrIR+e9gdKb1QWTsVJuTJ2ozQzIAxLyRQe/m+2RqzkyOOGiMKRQA==}
    dependencies:
      tslib: 2.6.2
    dev: false

  /csstype@3.1.3:
    resolution: {integrity: sha512-M1uQkMl8rQK/szD0LNhtqxIPLpimGm8sOBwU7lLnCpSbTyY3yeU1Vc7l4KT5zT4s/yOxHH5O7tIuuLOCnLADRw==}
    dev: false

  /seroval-plugins@1.0.4(seroval@1.0.4):
    resolution: {integrity: sha512-DQ2IK6oQVvy8k+c2V5x5YCtUa/GGGsUwUBNN9UqohrZ0rWdUapBFpNMYP1bCyRHoxOJjdKGl+dieacFIpU/i1A==}
    engines: {node: '>=10'}
    peerDependencies:
      seroval: ^1.0
    dependencies:
      seroval: 1.0.4
    dev: false

  /seroval@1.0.4:
    resolution: {integrity: sha512-qQs/N+KfJu83rmszFQaTxcoJoPn6KNUruX4KmnmyD0oZkUoiNvJ1rpdYKDf4YHM05k+HOgCxa3yvf15QbVijGg==}
    engines: {node: '>=10'}
    dev: false

  /solid-js@1.8.15:
    resolution: {integrity: sha512-d0QP/efr3UVcwGgWVPveQQ0IHOH6iU7yUhc2piy8arNG8wxKmvUy1kFxyF8owpmfCWGB87usDKMaVnsNYZm+Vw==}
    dependencies:
      csstype: 3.1.3
      seroval: 1.0.4
      seroval-plugins: 1.0.4(seroval@1.0.4)
    dev: false

  /solid-prevent-scroll@0.1.5(solid-js@1.8.15):
    resolution: {integrity: sha512-8sIlHqaSclBGQJrsPabRlnlAKJib1+gfYWiQLG265tyxao+6yIaccIgbo58QHgPtRrRavANK7Io7DtAUBtP6QA==}
    peerDependencies:
      solid-js: ^1.8
    dependencies:
      '@corvu/utils': 0.1.0(solid-js@1.8.15)
      solid-js: 1.8.15
    dev: false

  /tslib@2.6.2:
    resolution: {integrity: sha512-AEYxH93jGFPn/a2iVAwW87VuUIkR1FVUKB77NwMF7nBTDkDrrT/Hpt/IrCJ0QXhW27jTBDcf5ZY7w6RiqTMw2Q==}
    dev: false
