lockfileVersion: '6.0'

dependencies:
  '@arena/components':
    specifier: workspace:^0.1.0
    version: link:../arena-components
  '@arena/core':
    specifier: ^0.1.0
    version: link:../arena-core
  '@arena/db':
    specifier: workspace:^
    version: link:../db
  '@arena/runtime':
    specifier: workspace:^
    version: link:../../arena-runtime
  '@arena/solid-dnd':
    specifier: workspace:^
    version: link:../dnd
  '@arena/solid-store':
    specifier: workspace:^0.1.0
    version: link:../solid-store
  '@arena/studio':
    specifier: workspace:^
    version: link:../studio
  '@arena/uikit':
    specifier: workspace:^0.1.0
    version: link:../uikit
  '@arena/widgets':
    specifier: workspace:^
    version: link:../widgets
  '@solidjs/meta':
    specifier: ^0.28.4
    version: 0.28.4(solid-js@1.7.2)
  '@solidjs/router':
    specifier: ^0.8.2
    version: 0.8.2(solid-js@1.7.2)
  '@trpc/client':
    specifier: ^10.21.0
    version: 10.21.0(@trpc/server@10.21.0)
  '@trpc/server':
    specifier: ^10.21.0
    version: 10.21.0
  lodash-es:
    specifier: ^4.17.21
    version: 4.17.21
  solid-js:
    specifier: ^1.7.2
    version: 1.7.2
  style-inject:
    specifier: ^0.3.0
    version: 0.3.0
  zod:
    specifier: ^3.21.4
    version: 3.21.4

devDependencies:
  '@types/lodash-es':
    specifier: ^4.17.7
    version: 4.17.7
  typescript:
    specifier: ^4.9.5
    version: 4.9.5

packages:

  /@solidjs/meta@0.28.4(solid-js@1.7.2):
    resolution: {integrity: sha512-1USElsQuGVcJnmZ6CxPfUVmKvCsVdBQoGrUyMxLtFw36Ytt90dPs/qLyXLvPR/ZPD16/qauWqg6APEkbrDOLcA==}
    peerDependencies:
      solid-js: '>=1.4.0'
    dependencies:
      solid-js: 1.7.2
    dev: false

  /@solidjs/router@0.8.2(solid-js@1.7.2):
    resolution: {integrity: sha512-gUKW+LZqxtX6y/Aw6JKyy4gQ9E7dLqp513oB9pSYJR1HM5c56Pf7eijzyXX+b3WuXig18Cxqah4tMtF0YGu80w==}
    peerDependencies:
      solid-js: ^1.5.3
    dependencies:
      solid-js: 1.7.2
    dev: false

  /@trpc/client@10.21.0(@trpc/server@10.21.0):
    resolution: {integrity: sha512-cEseC2oqhbgWpu0+KARPjb36GkdHaDPs1Yql3cinMY4CXxi0QSChg8sVDgO+fFdII6QiFtNWImK5QgnJD2Hprg==}
    peerDependencies:
      '@trpc/server': 10.21.0
    dependencies:
      '@trpc/server': 10.21.0
    dev: false

  /@trpc/server@10.21.0:
    resolution: {integrity: sha512-NKgF5pcD3kPxtWncmhAPWqC/K8/DRv1voXw/KLcc63U/zEiUCZZFFFnPErQkJqtYghacUVPL2HPIRvNRlluyLA==}
    dev: false

  /@types/lodash-es@4.17.7:
    resolution: {integrity: sha512-z0ptr6UI10VlU6l5MYhGwS4mC8DZyYer2mCoyysZtSF7p26zOX8UpbrV0YpNYLGS8K4PUFIyEr62IMFFjveSiQ==}
    dependencies:
      '@types/lodash': 4.14.194
    dev: true

  /@types/lodash@4.14.194:
    resolution: {integrity: sha512-r22s9tAS7imvBt2lyHC9B8AGwWnXaYb1tY09oyLkXDs4vArpYJzw09nj8MLx5VfciBPGIb+ZwG0ssYnEPJxn/g==}
    dev: true

  /csstype@3.1.1:
    resolution: {integrity: sha512-DJR/VvkAvSZW9bTouZue2sSxDwdTN92uHjqeKVm+0dAqdfNykRzQ95tay8aXMBAAPpUiq4Qcug2L7neoRh2Egw==}
    dev: false

  /lodash-es@4.17.21:
    resolution: {integrity: sha512-mKnC+QJ9pWVzv+C4/U3rRsHapFfHvQFoFB92e52xeyGMcX6/OlIl78je1u8vePzYZSkkogMPJ2yjxxsb89cxyw==}
    dev: false

  /seroval@0.5.1:
    resolution: {integrity: sha512-ZfhQVB59hmIauJG5Ydynupy8KHyr5imGNtdDhbZG68Ufh1Ynkv9KOYOAABf71oVbQxJ8VkWnMHAjEHE7fWkH5g==}
    engines: {node: '>=10'}
    dev: false

  /solid-js@1.7.2:
    resolution: {integrity: sha512-01f8GIc+HTTlfDXtK+TFku3AllHyJ3hNsIpxM2qpObRP4VbEGVIP6VbULnThPlpse+J1y/I/1N9QeQ9MNkE8Ow==}
    dependencies:
      csstype: 3.1.1
      seroval: 0.5.1
    dev: false

  /style-inject@0.3.0:
    resolution: {integrity: sha512-IezA2qp+vcdlhJaVm5SOdPPTUu0FCEqfNSli2vRuSIBbu5Nq5UvygTk/VzeCqfLz2Atj3dVII5QBKGZRZ0edzw==}
    dev: false

  /typescript@4.9.5:
    resolution: {integrity: sha512-1FXk9E2Hm+QzZQ7z+McJiHL4NW1F2EzMu9Nq9i3zAaGqibafqYwCVU6WyWAuyQRRzOlxou8xZSyXLEN8oKj24g==}
    engines: {node: '>=4.2.0'}
    hasBin: true
    dev: true

  /zod@3.21.4:
    resolution: {integrity: sha512-m46AKbrzKVzOzs/DZgVnG5H55N1sv1M8qZU3A8RIKbs3mrACDNeIOeilDymVb2HdmP8uwshOCF4uJ8uM9rCqJw==}
    dev: false
