lockfileVersion: '6.0'

dependencies:
  '@arena/solid-store':
    specifier: workspace:^0.1.0
    version: link:../solid-store
  solid-js:
    specifier: ^1.7.2
    version: 1.7.2

packages:

  /csstype@3.1.1:
    resolution: {integrity: sha512-DJR/VvkAvSZW9bTouZue2sSxDwdTN92uHjqeKVm+0dAqdfNykRzQ95tay8aXMBAAPpUiq4Qcug2L7neoRh2Egw==}
    dev: false

  /seroval@0.5.1:
    resolution: {integrity: sha512-ZfhQVB59hmIauJG5Ydynupy8KHyr5imGNtdDhbZG68Ufh1Ynkv9KOYOAABf71oVbQxJ8VkWnMHAjEHE7fWkH5g==}
    engines: {node: '>=10'}
    dev: false

  /solid-js@1.7.2:
    resolution: {integrity: sha512-01f8GIc+HTTlfDXtK+TFku3AllHyJ3hNsIpxM2qpObRP4VbEGVIP6VbULnThPlpse+J1y/I/1N9QeQ9MNkE8Ow==}
    dependencies:
      csstype: 3.1.1
      seroval: 0.5.1
    dev: false
