lockfileVersion: '6.0'

dependencies:
  '@arena/solid-store':
    specifier: workspace:^0.1.0
    version: link:../solid-store
  solid-js:
    specifier: ^1.7.6
    version: 1.7.6

packages:

  /csstype@3.1.1:
    resolution: {integrity: sha512-DJR/VvkAvSZW9bTouZue2sSxDwdTN92uHjqeKVm+0dAqdfNykRzQ95tay8aXMBAAPpUiq4Qcug2L7neoRh2Egw==}
    dev: false

  /seroval@0.5.1:
    resolution: {integrity: sha512-ZfhQVB59hmIauJG5Ydynupy8KHyr5imGNtdDhbZG68Ufh1Ynkv9KOYOAABf71oVbQxJ8VkWnMHAjEHE7fWkH5g==}
    engines: {node: '>=10'}
    dev: false

  /solid-js@1.7.6:
    resolution: {integrity: sha512-DXVOTjUh/bIAhE0fIqu3ezGLyQaez7v8EOw3uPLIi87DmLjg+hsuCAgKyNIZ+o4jUetOk3ZORccvJmE1yZUk8g==}
    dependencies:
      csstype: 3.1.1
      seroval: 0.5.1
    dev: false
