lockfileVersion: 5.4

specifiers:
  '@arena/solid-dnd': workspace:^0.1.0
  '@arena/solid-store': workspace:^0.1.0
  solid-js: ^1.6.14

dependencies:
  '@arena/solid-dnd': 'link:'
  '@arena/solid-store': link:../solid-store
  solid-js: 1.6.14

packages:

  /csstype/3.1.1:
    resolution: {integrity: sha512-DJR/VvkAvSZW9bTouZue2sSxDwdTN92uHjqeKVm+0dAqdfNykRzQ95tay8aXMBAAPpUiq4Qcug2L7neoRh2Egw==}
    dev: false

  /solid-js/1.6.14:
    resolution: {integrity: sha512-9SSpGWZqzq8n/JhIt2PsYzLreG4PySmAexLnRM386oMeG5oSWa9QIRoiok45rLNJg148USEfI9wlkJkMrA2qGg==}
    dependencies:
      csstype: 3.1.1
    dev: false
